
Microsoft Visual Studio Solution File, Format Version 12.00
# Visual Studio Version 17
VisualStudioVersion = 17.11.35327.3
MinimumVisualStudioVersion = 10.0.40219.1
Project("{FAE04EC0-301F-11D3-BF4B-00C04F79EFBC}") = "ExercicioDeFixacaoArrays", "ExercicioDeFixacaoArrays\ExercicioDeFixacaoArrays.csproj", "{9CA61F7F-5435-49E7-AB04-6DA75117B040}"
EndProject
Global
	GlobalSection(SolutionConfigurationPlatforms) = preSolution
		Debug|Any CPU = Debug|Any CPU
		Release|Any CPU = Release|Any CPU
	EndGlobalSection
	GlobalSection(ProjectConfigurationPlatforms) = postSolution
		{9CA61F7F-5435-49E7-AB04-6DA75117B040}.Debug|Any CPU.ActiveCfg = Debug|Any CPU
		{9CA61F7F-5435-49E7-AB04-6DA75117B040}.Debug|Any CPU.Build.0 = Debug|Any CPU
		{9CA61F7F-5435-49E7-AB04-6DA75117B040}.Release|Any CPU.ActiveCfg = Release|Any CPU
		{9CA61F7F-5435-49E7-AB04-6DA75117B040}.Release|Any CPU.Build.0 = Release|Any CPU
	EndGlobalSection
	GlobalSection(SolutionProperties) = preSolution
		HideSolutionNode = FALSE
	EndGlobalSection
	GlobalSection(ExtensibilityGlobals) = postSolution
		SolutionGuid = {9968C3F6-74EE-4B1B-961F-8FAF4A0271E3}
	EndGlobalSection
EndGlobal
